github.com/achiku/xml v0.0.0-20160516105457-6df680e7a323 h1:o9AIHtW1csW1AArK+vJi4WmHS6n361CpHWYgKrQEd6U=
github.com/achiku/xml v0.0.0-20160516105457-6df680e7a323/go.mod h1:DD9nb7nE13l2ka5R3P8yj1M7GRlVMrzxNDrYQuNTOAc=
github.com/gorilla/mux v1.8.0 h1:i40aqfkR1h2SlN9hojwV5ZA91wcXFOvkdNIeFDP5koI=
github.com/gorilla/mux v1.8.0/go.mod h1:DVbg23sWSpFRCP0SfiEN6jmj59UnW/n46BH5rLB71So=
